// !$*UTF8*$!
{
	archiveVersion = 1;
	classes = {
	};
	objectVersion = 50;
	objects = {

/* Begin PBXBuildFile section */
		45AA7D2F7FC7C347A3CDE032 /* Pods_twoLevelList.framework in Frameworks */ = {isa = PBXBuildFile; fileRef = 52E296C73A46B644251C31B3 /* Pods_twoLevelList.framework */; };
		B456DAA320D29204001431B8 /* AppDelegate.swift in Sources */ = {isa = PBXBuildFile; fileRef = B456DAA220D29204001431B8 /* AppDelegate.swift */; };
		B456DAA820D29204001431B8 /* Main.storyboard in Resources */ = {isa = PBXBuildFile; fileRef = B456DAA620D29204001431B8 /* Main.storyboard */; };
		B456DAAA20D29206001431B8 /* Assets.xcassets in Resources */ = {isa = PBXBuildFile; fileRef = B456DAA920D29206001431B8 /* Assets.xcassets */; };
		B456DAAD20D29206001431B8 /* LaunchScreen.storyboard in Resources */ = {isa = PBXBuildFile; fileRef = B456DAAB20D29206001431B8 /* LaunchScreen.storyboard */; };
		B456DAB520D29529001431B8 /* Podfile in Resources */ = {isa = PBXBuildFile; fileRef = B456DAB420D29529001431B8 /* Podfile */; };
		B456DACC20D3E1C6001431B8 /* Model.swift in Sources */ = {isa = PBXBuildFile; fileRef = B456DACB20D3E1C6001431B8 /* Model.swift */; };
		B456DACE20D44BD4001431B8 /* TableViewController.swift in Sources */ = {isa = PBXBuildFile; fileRef = B456DACD20D44BD4001431B8 /* TableViewController.swift */; };
		B456DAD620D6D8F3001431B8 /* OpenSans-Regular.ttf in Resources */ = {isa = PBXBuildFile; fileRef = B456DAD520D6D8F3001431B8 /* OpenSans-Regular.ttf */; };
/* End PBXBuildFile section */

/* Begin PBXFileReference section */
		50B16969734278EB321B71FC /* Pods-twoLevelList.release.xcconfig */ = {isa = PBXFileReference; includeInIndex = 1; lastKnownFileType = text.xcconfig; name = "Pods-twoLevelList.release.xcconfig"; path = "Pods/Target Support Files/Pods-twoLevelList/Pods-twoLevelList.release.xcconfig"; sourceTree = "<group>"; };
		52E296C73A46B644251C31B3 /* Pods_twoLevelList.framework */ = {isa = PBXFileReference; explicitFileType = wrapper.framework; includeInIndex = 0; path = Pods_twoLevelList.framework; sourceTree = BUILT_PRODUCTS_DIR; };
		8C1F0C5EF0BE2507E961BE04 /* Pods-twoLevelList.debug.xcconfig */ = {isa = PBXFileReference; includeInIndex = 1; lastKnownFileType = text.xcconfig; name = "Pods-twoLevelList.debug.xcconfig"; path = "Pods/Target Support Files/Pods-twoLevelList/Pods-twoLevelList.debug.xcconfig"; sourceTree = "<group>"; };
		B456DA9F20D29204001431B8 /* twoLevelList.app */ = {isa = PBXFileReference; explicitFileType = wrapper.application; includeInIndex = 0; path = twoLevelList.app; sourceTree = BUILT_PRODUCTS_DIR; };
		B456DAA220D29204001431B8 /* AppDelegate.swift */ = {isa = PBXFileReference; lastKnownFileType = sourcecode.swift; path = AppDelegate.swift; sourceTree = "<group>"; };
		B456DAA720D29204001431B8 /* Base */ = {isa = PBXFileReference; lastKnownFileType = file.storyboard; name = Base; path = Base.lproj/Main.storyboard; sourceTree = "<group>"; };
		B456DAA920D29206001431B8 /* Assets.xcassets */ = {isa = PBXFileReference; lastKnownFileType = folder.assetcatalog; path = Assets.xcassets; sourceTree = "<group>"; };
		B456DAAC20D29206001431B8 /* Base */ = {isa = PBXFileReference; lastKnownFileType = file.storyboard; name = Base; path = Base.lproj/LaunchScreen.storyboard; sourceTree = "<group>"; };
		B456DAAE20D29206001431B8 /* Info.plist */ = {isa = PBXFileReference; lastKnownFileType = text.plist.xml; path = Info.plist; sourceTree = "<group>"; };
		B456DAB420D29529001431B8 /* Podfile */ = {isa = PBXFileReference; lastKnownFileType = text; path = Podfile; sourceTree = "<group>"; xcLanguageSpecificationIdentifier = xcode.lang.ruby; };
		B456DACB20D3E1C6001431B8 /* Model.swift */ = {isa = PBXFileReference; lastKnownFileType = sourcecode.swift; path = Model.swift; sourceTree = "<group>"; };
		B456DACD20D44BD4001431B8 /* TableViewController.swift */ = {isa = PBXFileReference; lastKnownFileType = sourcecode.swift; path = TableViewController.swift; sourceTree = "<group>"; };
		B456DAD520D6D8F3001431B8 /* OpenSans-Regular.ttf */ = {isa = PBXFileReference; lastKnownFileType = file; path = "OpenSans-Regular.ttf"; sourceTree = "<group>"; };
/* End PBXFileReference section */

/* Begin PBXFrameworksBuildPhase section */
		B456DA9C20D29204001431B8 /* Frameworks */ = {
			isa = PBXFrameworksBuildPhase;
			buildActionMask = 2147483647;
			files = (
				45AA7D2F7FC7C347A3CDE032 /* Pods_twoLevelList.framework in Frameworks */,
			);
			runOnlyForDeploymentPostprocessing = 0;
		};
/* End PBXFrameworksBuildPhase section */

/* Begin PBXGroup section */
		2C1D30EFF11803BFADF6361A /* Frameworks */ = {
			isa = PBXGroup;
			children = (
				52E296C73A46B644251C31B3 /* Pods_twoLevelList.framework */,
			);
			name = Frameworks;
			sourceTree = "<group>";
		};
		3CE0F73C7FDE5795A0B8E424 /* Pods */ = {
			isa = PBXGroup;
			children = (
				8C1F0C5EF0BE2507E961BE04 /* Pods-twoLevelList.debug.xcconfig */,
				50B16969734278EB321B71FC /* Pods-twoLevelList.release.xcconfig */,
			);
			name = Pods;
			sourceTree = "<group>";
		};
		B456DA9620D29204001431B8 = {
			isa = PBXGroup;
			children = (
				B456DAB420D29529001431B8 /* Podfile */,
				B456DAA120D29204001431B8 /* twoLevelList */,
				B456DAA020D29204001431B8 /* Products */,
				B456DAD420D6D8F3001431B8 /* fonts */,
				3CE0F73C7FDE5795A0B8E424 /* Pods */,
				2C1D30EFF11803BFADF6361A /* Frameworks */,
			);
			sourceTree = "<group>";
		};
		B456DAA020D29204001431B8 /* Products */ = {
			isa = PBXGroup;
			children = (
				B456DA9F20D29204001431B8 /* twoLevelList.app */,
			);
			name = Products;
			sourceTree = "<group>";
		};
		B456DAA120D29204001431B8 /* twoLevelList */ = {
			isa = PBXGroup;
			children = (
				B456DAD720D6DA57001431B8 /* Models */,
				B456DAD820D6DA57001431B8 /* ViewControllers */,
				B456DAA220D29204001431B8 /* AppDelegate.swift */,
				B456DAA620D29204001431B8 /* Main.storyboard */,
				B456DAA920D29206001431B8 /* Assets.xcassets */,
				B456DAAB20D29206001431B8 /* LaunchScreen.storyboard */,
				B456DAAE20D29206001431B8 /* Info.plist */,
			);
			path = twoLevelList;
			sourceTree = "<group>";
		};
		B456DAD420D6D8F3001431B8 /* fonts */ = {
			isa = PBXGroup;
			children = (
				B456DAD520D6D8F3001431B8 /* OpenSans-Regular.ttf */,
			);
			path = fonts;
			sourceTree = "<group>";
		};
		B456DAD720D6DA57001431B8 /* Models */ = {
			isa = PBXGroup;
			children = (
				B456DACB20D3E1C6001431B8 /* Model.swift */,
			);
			path = Models;
			sourceTree = "<group>";
		};
		B456DAD820D6DA57001431B8 /* ViewControllers */ = {
			isa = PBXGroup;
			children = (
				B456DACD20D44BD4001431B8 /* TableViewController.swift */,
			);
			path = ViewControllers;
			sourceTree = "<group>";
		};
/* End PBXGroup section */

/* Begin PBXNativeTarget section */
		B456DA9E20D29204001431B8 /* twoLevelList */ = {
			isa = PBXNativeTarget;
			buildConfigurationList = B456DAB120D29206001431B8 /* Build configuration list for PBXNativeTarget "twoLevelList" */;
			buildPhases = (
				6C4582250496CA4ECB0C96B7 /* [CP] Check Pods Manifest.lock */,
				B456DA9B20D29204001431B8 /* Sources */,
				B456DA9C20D29204001431B8 /* Frameworks */,
				B456DA9D20D29204001431B8 /* Resources */,
				8444C69E738DF8DC87E9D229 /* [CP] Embed Pods Frameworks */,
			);
			buildRules = (
			);
			dependencies = (
			);
			name = twoLevelList;
			productName = twoLevelList;
			productReference = B456DA9F20D29204001431B8 /* twoLevelList.app */;
			productType = "com.apple.product-type.application";
		};
/* End PBXNativeTarget section */

/* Begin PBXProject section */
		B456DA9720D29204001431B8 /* Project object */ = {
			isa = PBXProject;
			attributes = {
				LastSwiftUpdateCheck = 0930;
				LastUpgradeCheck = 0930;
				ORGANIZATIONNAME = Maksym;
				TargetAttributes = {
					B456DA9E20D29204001431B8 = {
						CreatedOnToolsVersion = 9.3.1;
					};
				};
			};
			buildConfigurationList = B456DA9A20D29204001431B8 /* Build configuration list for PBXProject "twoLevelList" */;
			compatibilityVersion = "Xcode 9.3";
			developmentRegion = en;
			hasScannedForEncodings = 0;
			knownRegions = (
				en,
				Base,
			);
			mainGroup = B456DA9620D29204001431B8;
			productRefGroup = B456DAA020D29204001431B8 /* Products */;
			projectDirPath = "";
			projectRoot = "";
			targets = (
				B456DA9E20D29204001431B8 /* twoLevelList */,
			);
		};
/* End PBXProject section */

/* Begin PBXResourcesBuildPhase section */
		B456DA9D20D29204001431B8 /* Resources */ = {
			isa = PBXResourcesBuildPhase;
			buildActionMask = 2147483647;
			files = (
				B456DAD620D6D8F3001431B8 /* OpenSans-Regular.ttf in Resources */,
				B456DAAD20D29206001431B8 /* LaunchScreen.storyboard in Resources */,
				B456DAAA20D29206001431B8 /* Assets.xcassets in Resources */,
				B456DAB520D29529001431B8 /* Podfile in Resources */,
				B456DAA820D29204001431B8 /* Main.storyboard in Resources */,
			);
			runOnlyForDeploymentPostprocessing = 0;
		};
/* End PBXResourcesBuildPhase section */

/* Begin PBXShellScriptBuildPhase section */
		6C4582250496CA4ECB0C96B7 /* [CP] Check Pods Manifest.lock */ = {
			isa = PBXShellScriptBuildPhase;
			buildActionMask = 2147483647;
			files = (
			);
			inputPaths = (
				"${PODS_PODFILE_DIR_PATH}/Podfile.lock",
				"${PODS_ROOT}/Manifest.lock",
			);
			name = "[CP] Check Pods Manifest.lock";
			outputPaths = (
				"$(DERIVED_FILE_DIR)/Pods-twoLevelList-checkManifestLockResult.txt",
			);
			runOnlyForDeploymentPostprocessing = 0;
			shellPath = /bin/sh;
			shellScript = "diff \"${PODS_PODFILE_DIR_PATH}/Podfile.lock\" \"${PODS_ROOT}/Manifest.lock\" > /dev/null\nif [ $? != 0 ] ; then\n    # print error to STDERR\n    echo \"error: The sandbox is not in sync with the Podfile.lock. Run 'pod install' or update your CocoaPods installation.\" >&2\n    exit 1\nfi\n# This output is used by Xcode 'outputs' to avoid re-running this script phase.\necho \"SUCCESS\" > \"${SCRIPT_OUTPUT_FILE_0}\"\n";
			showEnvVarsInLog = 0;
		};
		8444C69E738DF8DC87E9D229 /* [CP] Embed Pods Frameworks */ = {
			isa = PBXShellScriptBuildPhase;
			buildActionMask = 2147483647;
			files = (
			);
			inputPaths = (
				"${SRCROOT}/Pods/Target Support Files/Pods-twoLevelList/Pods-twoLevelList-frameworks.sh",
				"${BUILT_PRODUCTS_DIR}/Alamofire/Alamofire.framework",
			);
			name = "[CP] Embed Pods Frameworks";
			outputPaths = (
				"${TARGET_BUILD_DIR}/${FRAMEWORKS_FOLDER_PATH}/Alamofire.framework",
			);
			runOnlyForDeploymentPostprocessing = 0;
			shellPath = /bin/sh;
			shellScript = "\"${SRCROOT}/Pods/Target Support Files/Pods-twoLevelList/Pods-twoLevelList-frameworks.sh\"\n";
			showEnvVarsInLog = 0;
		};
/* End PBXShellScriptBuildPhase section */

/* Begin PBXSourcesBuildPhase section */
		B456DA9B20D29204001431B8 /* Sources */ = {
			isa = PBXSourcesBuildPhase;
			buildActionMask = 2147483647;
			files = (
				B456DAA320D29204001431B8 /* AppDelegate.swift in Sources */,
				B456DACE20D44BD4001431B8 /* TableViewController.swift in Sources */,
				B456DACC20D3E1C6001431B8 /* Model.swift in Sources */,
			);
			runOnlyForDeploymentPostprocessing = 0;
		};
/* End PBXSourcesBuildPhase section */

/* Begin PBXVariantGroup section */
		B456DAA620D29204001431B8 /* Main.storyboard */ = {
			isa = PBXVariantGroup;
			children = (
				B456DAA720D29204001431B8 /* Base */,
			);
			name = Main.storyboard;
			sourceTree = "<group>";
		};
		B456DAAB20D29206001431B8 /* LaunchScreen.storyboard */ = {
			isa = PBXVariantGroup;
			children = (
				B456DAAC20D29206001431B8 /* Base */,
			);
			name = LaunchScreen.storyboard;
			sourceTree = "<group>";
		};
/* End PBXVariantGroup section */

/* Begin XCBuildConfiguration section */
		B456DAAF20D29206001431B8 /* Debug */ = {
			isa = XCBuildConfiguration;
			buildSettings = {
				ALWAYS_SEARCH_USER_PATHS = NO;
				CLANG_ANALYZER_NONNULL = YES;
				CLANG_ANALYZER_NUMBER_OBJECT_CONVERSION = YES_AGGRESSIVE;
				CLANG_CXX_LANGUAGE_STANDARD = "gnu++14";
				CLANG_CXX_LIBRARY = "libc++";
				CLANG_ENABLE_MODULES = YES;
				CLANG_ENABLE_OBJC_ARC = YES;
				CLANG_ENABLE_OBJC_WEAK = YES;
				CLANG_WARN_BLOCK_CAPTURE_AUTORELEASING = YES;
				CLANG_WARN_BOOL_CONVERSION = YES;
				CLANG_WARN_COMMA = YES;
				CLANG_WARN_CONSTANT_CONVERSION = YES;
				CLANG_WARN_DEPRECATED_OBJC_IMPLEMENTATIONS = YES;
				CLANG_WARN_DIRECT_OBJC_ISA_USAGE = YES_ERROR;
				CLANG_WARN_DOCUMENTATION_COMMENTS = YES;
				CLANG_WARN_EMPTY_BODY = YES;
				CLANG_WARN_ENUM_CONVERSION = YES;
				CLANG_WARN_INFINITE_RECURSION = YES;
				CLANG_WARN_INT_CONVERSION = YES;
				CLANG_WARN_NON_LITERAL_NULL_CONVERSION = YES;
				CLANG_WARN_OBJC_IMPLICIT_RETAIN_SELF = YES;
				CLANG_WARN_OBJC_LITERAL_CONVERSION = YES;
				CLANG_WARN_OBJC_ROOT_CLASS = YES_ERROR;
				CLANG_WARN_RANGE_LOOP_ANALYSIS = YES;
				CLANG_WARN_STRICT_PROTOTYPES = YES;
				CLANG_WARN_SUSPICIOUS_MOVE = YES;
				CLANG_WARN_UNGUARDED_AVAILABILITY = YES_AGGRESSIVE;
				CLANG_WARN_UNREACHABLE_CODE = YES;
				CLANG_WARN__DUPLICATE_METHOD_MATCH = YES;
				CODE_SIGN_IDENTITY = "iPhone Developer";
				COPY_PHASE_STRIP = NO;
				DEBUG_INFORMATION_FORMAT = dwarf;
				ENABLE_STRICT_OBJC_MSGSEND = YES;
				ENABLE_TESTABILITY = YES;
				GCC_C_LANGUAGE_STANDARD = gnu11;
				GCC_DYNAMIC_NO_PIC = NO;
				GCC_NO_COMMON_BLOCKS = YES;
				GCC_OPTIMIZATION_LEVEL = 0;
				GCC_PREPROCESSOR_DEFINITIONS = (
					"DEBUG=1",
					"$(inherited)",
				);
				GCC_WARN_64_TO_32_BIT_CONVERSION = YES;
				GCC_WARN_ABOUT_RETURN_TYPE = YES_ERROR;
				GCC_WARN_UNDECLARED_SELECTOR = YES;
				GCC_WARN_UNINITIALIZED_AUTOS = YES_AGGRESSIVE;
				GCC_WARN_UNUSED_FUNCTION = YES;
				GCC_WARN_UNUSED_VARIABLE = YES;
				IPHONEOS_DEPLOYMENT_TARGET = 11.3;
				MTL_ENABLE_DEBUG_INFO = YES;
				ONLY_ACTIVE_ARCH = YES;
				SDKROOT = iphoneos;
				SWIFT_ACTIVE_COMPILATION_CONDITIONS = DEBUG;
				SWIFT_OPTIMIZATION_LEVEL = "-Onone";
			};
			name = Debug;
		};
		B456DAB020D29206001431B8 /* Release */ = {
			isa = XCBuildConfiguration;
			buildSettings = {
				ALWAYS_SEARCH_USER_PATHS = NO;
				CLANG_ANALYZER_NONNULL = YES;
				CLANG_ANALYZER_NUMBER_OBJECT_CONVERSION = YES_AGGRESSIVE;
				CLANG_CXX_LANGUAGE_STANDARD = "gnu++14";
				CLANG_CXX_LIBRARY = "libc++";
				CLANG_ENABLE_MODULES = YES;
				CLANG_ENABLE_OBJC_ARC = YES;
				CLANG_ENABLE_OBJC_WEAK = YES;
				CLANG_WARN_BLOCK_CAPTURE_AUTORELEASING = YES;
				CLANG_WARN_BOOL_CONVERSION = YES;
				CLANG_WARN_COMMA = YES;
				CLANG_WARN_CONSTANT_CONVERSION = YES;
				CLANG_WARN_DEPRECATED_OBJC_IMPLEMENTATIONS = YES;
				CLANG_WARN_DIRECT_OBJC_ISA_USAGE = YES_ERROR;
				CLANG_WARN_DOCUMENTATION_COMMENTS = YES;
				CLANG_WARN_EMPTY_BODY = YES;
				CLANG_WARN_ENUM_CONVERSION = YES;
				CLANG_WARN_INFINITE_RECURSION = YES;
				CLANG_WARN_INT_CONVERSION = YES;
				CLANG_WARN_NON_LITERAL_NULL_CONVERSION = YES;
				CLANG_WARN_OBJC_IMPLICIT_RETAIN_SELF = YES;
				CLANG_WARN_OBJC_LITERAL_CONVERSION = YES;
				CLANG_WARN_OBJC_ROOT_CLASS = YES_ERROR;
				CLANG_WARN_RANGE_LOOP_ANALYSIS = YES;
				CLANG_WARN_STRICT_PROTOTYPES = YES;
				CLANG_WARN_SUSPICIOUS_MOVE = YES;
				CLANG_WARN_UNGUARDED_AVAILABILITY = YES_AGGRESSIVE;
				CLANG_WARN_UNREACHABLE_CODE = YES;
				CLANG_WARN__DUPLICATE_METHOD_MATCH = YES;
				CODE_SIGN_IDENTITY = "iPhone Developer";
				COPY_PHASE_STRIP = NO;
				DEBUG_INFORMATION_FORMAT = "dwarf-with-dsym";
				ENABLE_NS_ASSERTIONS = NO;
				ENABLE_STRICT_OBJC_MSGSEND = YES;
				GCC_C_LANGUAGE_STANDARD = gnu11;
				GCC_NO_COMMON_BLOCKS = YES;
				GCC_WARN_64_TO_32_BIT_CONVERSION = YES;
				GCC_WARN_ABOUT_RETURN_TYPE = YES_ERROR;
				GCC_WARN_UNDECLARED_SELECTOR = YES;
				GCC_WARN_UNINITIALIZED_AUTOS = YES_AGGRESSIVE;
				GCC_WARN_UNUSED_FUNCTION = YES;
				GCC_WARN_UNUSED_VARIABLE = YES;
				IPHONEOS_DEPLOYMENT_TARGET = 11.3;
				MTL_ENABLE_DEBUG_INFO = NO;
				SDKROOT = iphoneos;
				SWIFT_COMPILATION_MODE = wholemodule;
				SWIFT_OPTIMIZATION_LEVEL = "-O";
				VALIDATE_PRODUCT = YES;
			};
			name = Release;
		};
		B456DAB220D29206001431B8 /* Debug */ = {
			isa = XCBuildConfiguration;
			baseConfigurationReference = 8C1F0C5EF0BE2507E961BE04 /* Pods-twoLevelList.debug.xcconfig */;
			buildSettings = {
				ASSETCATALOG_COMPILER_APPICON_NAME = AppIcon;
				CODE_SIGN_STYLE = Automatic;
				DEVELOPMENT_TEAM = 94N8HXG7NF;
				INFOPLIST_FILE = twoLevelList/Info.plist;
				LD_RUNPATH_SEARCH_PATHS = (
					"$(inherited)",
					"@executable_path/Frameworks",
				);
				PRODUCT_BUNDLE_IDENTIFIER = Volkov.twoLevelList;
				PRODUCT_NAME = "$(TARGET_NAME)";
				SWIFT_VERSION = 4.0;
				TARGETED_DEVICE_FAMILY = "1,2";
			};
			name = Debug;
		};
		B456DAB320D29206001431B8 /* Release */ = {
			isa = XCBuildConfiguration;
			baseConfigurationReference = 50B16969734278EB321B71FC /* Pods-twoLevelList.release.xcconfig */;
			buildSettings = {
				ASSETCATALOG_COMPILER_APPICON_NAME = AppIcon;
				CODE_SIGN_STYLE = Automatic;
				DEVELOPMENT_TEAM = 94N8HXG7NF;
				INFOPLIST_FILE = twoLevelList/Info.plist;
				LD_RUNPATH_SEARCH_PATHS = (
					"$(inherited)",
					"@executable_path/Frameworks",
				);
				PRODUCT_BUNDLE_IDENTIFIER = Volkov.twoLevelList;
				PRODUCT_NAME = "$(TARGET_NAME)";
				SWIFT_VERSION = 4.0;
				TARGETED_DEVICE_FAMILY = "1,2";
			};
			name = Release;
		};
/* End XCBuildConfiguration section */

/* Begin XCConfigurationList section */
		B456DA9A20D29204001431B8 /* Build configuration list for PBXProject "twoLevelList" */ = {
			isa = XCConfigurationList;
			buildConfigurations = (
				B456DAAF20D29206001431B8 /* Debug */,
				B456DAB020D29206001431B8 /* Release */,
			);
			defaultConfigurationIsVisible = 0;
			defaultConfigurationName = Release;
		};
		B456DAB120D29206001431B8 /* Build configuration list for PBXNativeTarget "twoLevelList" */ = {
			isa = XCConfigurationList;
			buildConfigurations = (
				B456DAB220D29206001431B8 /* Debug */,
				B456DAB320D29206001431B8 /* Release */,
			);
			defaultConfigurationIsVisible = 0;
			defaultConfigurationName = Release;
		};
/* End XCConfigurationList section */
	};
	rootObject = B456DA9720D29204001431B8 /* Project object */;
}
